
Microsoft Visual Studio Solution File, Format Version 12.00
# Visual Studio 15
VisualStudioVersion = 15.0.27703.2042
MinimumVisualStudioVersion = 10.0.40219.1
Project("{9A19103F-16F7-4668-BE54-9A1E7A4F7556}") = "MyFirstASP", "MyFirstASP\MyFirstASP.csproj", "{4C020138-64C0-4896-A02F-3606C417AED6}"
EndProject
Project("{FAE04EC0-301F-11D3-BF4B-00C04F79EFBC}") = "UsersAsp.Database", "UsersAsp.Database\UsersAsp.Database.csproj", "{C483FC1C-DA9B-4F21-A0BB-80C97E01523B}"
EndProject
Project("{FAE04EC0-301F-11D3-BF4B-00C04F79EFBC}") = "MyFirstAsp.Core", "MyFirstAsp.Core\MyFirstAsp.Core.csproj", "{623CAA73-7296-45C0-A04A-83C3BF2F9D11}"
EndProject
Project("{FAE04EC0-301F-11D3-BF4B-00C04F79EFBC}") = "MyFirstASP.Tests", "MyFirstASP.Tests\MyFirstASP.Tests.csproj", "{092E8017-2E8A-4559-8DB0-523DE1825AF0}"
EndProject
Global
	GlobalSection(SolutionConfigurationPlatforms) = preSolution
		Debug|Any CPU = Debug|Any CPU
		Release|Any CPU = Release|Any CPU
	EndGlobalSection
	GlobalSection(ProjectConfigurationPlatforms) = postSolution
		{4C020138-64C0-4896-A02F-3606C417AED6}.Debug|Any CPU.ActiveCfg = Debug|Any CPU
		{4C020138-64C0-4896-A02F-3606C417AED6}.Debug|Any CPU.Build.0 = Debug|Any CPU
		{4C020138-64C0-4896-A02F-3606C417AED6}.Release|Any CPU.ActiveCfg = Release|Any CPU
		{4C020138-64C0-4896-A02F-3606C417AED6}.Release|Any CPU.Build.0 = Release|Any CPU
		{C483FC1C-DA9B-4F21-A0BB-80C97E01523B}.Debug|Any CPU.ActiveCfg = Debug|Any CPU
		{C483FC1C-DA9B-4F21-A0BB-80C97E01523B}.Debug|Any CPU.Build.0 = Debug|Any CPU
		{C483FC1C-DA9B-4F21-A0BB-80C97E01523B}.Release|Any CPU.ActiveCfg = Release|Any CPU
		{C483FC1C-DA9B-4F21-A0BB-80C97E01523B}.Release|Any CPU.Build.0 = Release|Any CPU
		{623CAA73-7296-45C0-A04A-83C3BF2F9D11}.Debug|Any CPU.ActiveCfg = Debug|Any CPU
		{623CAA73-7296-45C0-A04A-83C3BF2F9D11}.Debug|Any CPU.Build.0 = Debug|Any CPU
		{623CAA73-7296-45C0-A04A-83C3BF2F9D11}.Release|Any CPU.ActiveCfg = Release|Any CPU
		{623CAA73-7296-45C0-A04A-83C3BF2F9D11}.Release|Any CPU.Build.0 = Release|Any CPU
		{092E8017-2E8A-4559-8DB0-523DE1825AF0}.Debug|Any CPU.ActiveCfg = Debug|Any CPU
		{092E8017-2E8A-4559-8DB0-523DE1825AF0}.Debug|Any CPU.Build.0 = Debug|Any CPU
		{092E8017-2E8A-4559-8DB0-523DE1825AF0}.Release|Any CPU.ActiveCfg = Release|Any CPU
		{092E8017-2E8A-4559-8DB0-523DE1825AF0}.Release|Any CPU.Build.0 = Release|Any CPU
	EndGlobalSection
	GlobalSection(SolutionProperties) = preSolution
		HideSolutionNode = FALSE
	EndGlobalSection
	GlobalSection(ExtensibilityGlobals) = postSolution
		SolutionGuid = {6B7BFACC-13CA-42DC-8D96-62FCD640F43A}
	EndGlobalSection
EndGlobal
